
Microsoft Visual Studio Solution File, Format Version 12.00
# Visual Studio Version 17
VisualStudioVersion = 17.0.31710.8
MinimumVisualStudioVersion = 10.0.40219.1
Project("{9A19103F-16F7-4668-BE54-9A1E7A4F7556}") = "Rapture.Services.VersionCheck", "Rapture.Services.VersionCheck\Rapture.Services.VersionCheck.csproj", "{88CD7BB7-09D7-473A-9DDF-DF5C8B036D99}"
EndProject
Project("{9A19103F-16F7-4668-BE54-9A1E7A4F7556}") = "Rapture.Services.PatchTracker", "Rapture.Services.PatchTracker\Rapture.Services.PatchTracker.csproj", "{7006B3D2-FD94-47BB-B93C-8BA8612F7372}"
EndProject
Project("{9A19103F-16F7-4668-BE54-9A1E7A4F7556}") = "Rapture.Client", "Rapture.Client\Rapture.Client.csproj", "{95333BBA-8987-40A2-9C85-97B3EE5D78AE}"
EndProject
Project("{9A19103F-16F7-4668-BE54-9A1E7A4F7556}") = "Rapture.Services.PatchServer", "Rapture.Services.PatchServer\Rapture.Services.PatchServer.csproj", "{7D438818-E769-4587-BC4F-E45FFFB28CE5}"
EndProject
Global
	GlobalSection(SolutionConfigurationPlatforms) = preSolution
		Debug|Any CPU = Debug|Any CPU
		Release|Any CPU = Release|Any CPU
	EndGlobalSection
	GlobalSection(ProjectConfigurationPlatforms) = postSolution
		{88CD7BB7-09D7-473A-9DDF-DF5C8B036D99}.Debug|Any CPU.ActiveCfg = Debug|Any CPU
		{88CD7BB7-09D7-473A-9DDF-DF5C8B036D99}.Debug|Any CPU.Build.0 = Debug|Any CPU
		{88CD7BB7-09D7-473A-9DDF-DF5C8B036D99}.Release|Any CPU.ActiveCfg = Release|Any CPU
		{88CD7BB7-09D7-473A-9DDF-DF5C8B036D99}.Release|Any CPU.Build.0 = Release|Any CPU
		{7006B3D2-FD94-47BB-B93C-8BA8612F7372}.Debug|Any CPU.ActiveCfg = Debug|Any CPU
		{7006B3D2-FD94-47BB-B93C-8BA8612F7372}.Debug|Any CPU.Build.0 = Debug|Any CPU
		{7006B3D2-FD94-47BB-B93C-8BA8612F7372}.Release|Any CPU.ActiveCfg = Release|Any CPU
		{7006B3D2-FD94-47BB-B93C-8BA8612F7372}.Release|Any CPU.Build.0 = Release|Any CPU
		{95333BBA-8987-40A2-9C85-97B3EE5D78AE}.Debug|Any CPU.ActiveCfg = Debug|Any CPU
		{95333BBA-8987-40A2-9C85-97B3EE5D78AE}.Debug|Any CPU.Build.0 = Debug|Any CPU
		{95333BBA-8987-40A2-9C85-97B3EE5D78AE}.Release|Any CPU.ActiveCfg = Release|Any CPU
		{95333BBA-8987-40A2-9C85-97B3EE5D78AE}.Release|Any CPU.Build.0 = Release|Any CPU
		{7D438818-E769-4587-BC4F-E45FFFB28CE5}.Debug|Any CPU.ActiveCfg = Debug|Any CPU
		{7D438818-E769-4587-BC4F-E45FFFB28CE5}.Debug|Any CPU.Build.0 = Debug|Any CPU
		{7D438818-E769-4587-BC4F-E45FFFB28CE5}.Release|Any CPU.ActiveCfg = Release|Any CPU
		{7D438818-E769-4587-BC4F-E45FFFB28CE5}.Release|Any CPU.Build.0 = Release|Any CPU
	EndGlobalSection
	GlobalSection(SolutionProperties) = preSolution
		HideSolutionNode = FALSE
	EndGlobalSection
	GlobalSection(ExtensibilityGlobals) = postSolution
		SolutionGuid = {C7598EB5-254C-4E15-9CCD-A92F7F2E9A18}
	EndGlobalSection
EndGlobal
